
Microsoft Visual Studio Solution File, Format Version 12.00
# Visual Studio 2012
Project("{FAE04EC0-301F-11D3-BF4B-00C04F79EFBC}") = "FluentTwitterBootstrap", "FluentTwitterBootstrap\FluentTwitterBootstrap.csproj", "{B29EFBEF-3076-4768-8F9D-40EDC1F424A9}"
EndProject
Project("{2150E333-8FDC-42A3-9474-1A3956D46DE8}") = "nuspec", "nuspec", "{3DD7BC9D-C382-4E48-A8D3-47FB00074AB0}"
	ProjectSection(SolutionItems) = preProject
		FluentTwitterBootstrap\nuspec\FluentTwitterBootstrap.nuspec = FluentTwitterBootstrap\nuspec\FluentTwitterBootstrap.nuspec
		FluentTwitterBootstrap\nuspec\web.config.transform = FluentTwitterBootstrap\nuspec\web.config.transform
	EndProjectSection
EndProject
Project("{2150E333-8FDC-42A3-9474-1A3956D46DE8}") = "Content", "Content", "{8DA37C76-4002-4963-AF6E-E09E0DF45CA0}"
	ProjectSection(SolutionItems) = preProject
		FluentTwitterBootstrap\nuspec\Content\bootstrap.mvc.helpers.js = FluentTwitterBootstrap\nuspec\Content\bootstrap.mvc.helpers.js
	EndProjectSection
EndProject
Global
	GlobalSection(SolutionConfigurationPlatforms) = preSolution
		Debug|Any CPU = Debug|Any CPU
		Release|Any CPU = Release|Any CPU
	EndGlobalSection
	GlobalSection(ProjectConfigurationPlatforms) = postSolution
		{B29EFBEF-3076-4768-8F9D-40EDC1F424A9}.Debug|Any CPU.ActiveCfg = Debug|Any CPU
		{B29EFBEF-3076-4768-8F9D-40EDC1F424A9}.Debug|Any CPU.Build.0 = Debug|Any CPU
		{B29EFBEF-3076-4768-8F9D-40EDC1F424A9}.Release|Any CPU.ActiveCfg = Release|Any CPU
		{B29EFBEF-3076-4768-8F9D-40EDC1F424A9}.Release|Any CPU.Build.0 = Release|Any CPU
	EndGlobalSection
	GlobalSection(SolutionProperties) = preSolution
		HideSolutionNode = FALSE
	EndGlobalSection
	GlobalSection(NestedProjects) = preSolution
		{8DA37C76-4002-4963-AF6E-E09E0DF45CA0} = {3DD7BC9D-C382-4E48-A8D3-47FB00074AB0}
	EndGlobalSection
EndGlobal
